// !$*UTF8*$!
{
	archiveVersion = 1;
	classes = {
	};
	objectVersion = 56;
	objects = {

/* Begin PBXBuildFile section */
		0380C6392A041F47008E3F25 /* MenuViewModel.swift in Sources */ = {isa = PBXBuildFile; fileRef = 0380C6302A041F47008E3F25 /* MenuViewModel.swift */; };
		0380C63A2A041F47008E3F25 /* SettingsListTableViewCellScreen.swift in Sources */ = {isa = PBXBuildFile; fileRef = 0380C6332A041F47008E3F25 /* SettingsListTableViewCellScreen.swift */; };
		0380C63B2A041F47008E3F25 /* SettingsListTableViewCell.swift in Sources */ = {isa = PBXBuildFile; fileRef = 0380C6342A041F47008E3F25 /* SettingsListTableViewCell.swift */; };
		0380C63C2A041F47008E3F25 /* MenuScreen.swift in Sources */ = {isa = PBXBuildFile; fileRef = 0380C6362A041F47008E3F25 /* MenuScreen.swift */; };
		0380C63D2A041F47008E3F25 /* MenuVC.swift in Sources */ = {isa = PBXBuildFile; fileRef = 0380C6382A041F47008E3F25 /* MenuVC.swift */; };
		0380C63F2A041F62008E3F25 /* Menu.swift in Sources */ = {isa = PBXBuildFile; fileRef = 0380C63E2A041F62008E3F25 /* Menu.swift */; };
		0380C6812A290D73008E3F25 /* ProfileScreen.swift in Sources */ = {isa = PBXBuildFile; fileRef = 0380C6802A290D73008E3F25 /* ProfileScreen.swift */; };
		0380C6832A290DB4008E3F25 /* ProfileVC.swift in Sources */ = {isa = PBXBuildFile; fileRef = 0380C6822A290DB4008E3F25 /* ProfileVC.swift */; };
		0380C6852A290DD4008E3F25 /* ProfileViewModel.swift in Sources */ = {isa = PBXBuildFile; fileRef = 0380C6842A290DD4008E3F25 /* ProfileViewModel.swift */; };
		0380C6872A291FA8008E3F25 /* ProfileService.swift in Sources */ = {isa = PBXBuildFile; fileRef = 0380C6862A291FA8008E3F25 /* ProfileService.swift */; };
		0380C6892A2920CF008E3F25 /* GenericService.swift in Sources */ = {isa = PBXBuildFile; fileRef = 0380C6882A2920CF008E3F25 /* GenericService.swift */; };
		0380C68B2A2921A7008E3F25 /* ProfileUser.swift in Sources */ = {isa = PBXBuildFile; fileRef = 0380C68A2A2921A7008E3F25 /* ProfileUser.swift */; };
		0380C68D2A2922EC008E3F25 /* userProfile.json in Resources */ = {isa = PBXBuildFile; fileRef = 0380C68C2A2922EC008E3F25 /* userProfile.json */; };
		34B996E82A03339600DCBE69 /* ImageTableViewCell.swift in Sources */ = {isa = PBXBuildFile; fileRef = 34B996E72A03339600DCBE69 /* ImageTableViewCell.swift */; };
		34B996EB2A0334E300DCBE69 /* UIImageView+Extension.swift in Sources */ = {isa = PBXBuildFile; fileRef = 34B996E92A0334E300DCBE69 /* UIImageView+Extension.swift */; };
		34B996EC2A0334E300DCBE69 /* ImageCache.swift in Sources */ = {isa = PBXBuildFile; fileRef = 34B996EA2A0334E300DCBE69 /* ImageCache.swift */; };
		34DA655729A7DA8900A14740 /* AppDelegate.swift in Sources */ = {isa = PBXBuildFile; fileRef = 34DA655629A7DA8900A14740 /* AppDelegate.swift */; };
		34DA655929A7DA8900A14740 /* SceneDelegate.swift in Sources */ = {isa = PBXBuildFile; fileRef = 34DA655829A7DA8900A14740 /* SceneDelegate.swift */; };
		34DA655B29A7DA8900A14740 /* ChatVC.swift in Sources */ = {isa = PBXBuildFile; fileRef = 34DA655A29A7DA8900A14740 /* ChatVC.swift */; };
		34DA656029A7DA8C00A14740 /* Assets.xcassets in Resources */ = {isa = PBXBuildFile; fileRef = 34DA655F29A7DA8C00A14740 /* Assets.xcassets */; };
		34DA656329A7DA8C00A14740 /* LaunchScreen.storyboard in Resources */ = {isa = PBXBuildFile; fileRef = 34DA656129A7DA8C00A14740 /* LaunchScreen.storyboard */; };
		34DA657F29A8CEE100A14740 /* OpenAISwift in Frameworks */ = {isa = PBXBuildFile; productRef = 34DA657E29A8CEE100A14740 /* OpenAISwift */; };
		34DA658129A8D20A00A14740 /* API.swift in Sources */ = {isa = PBXBuildFile; fileRef = 34DA658029A8D20A00A14740 /* API.swift */; };
		34DA65A829AB740600A14740 /* ChatScreen.swift in Sources */ = {isa = PBXBuildFile; fileRef = 34DA65A729AB740600A14740 /* ChatScreen.swift */; };
		34DA65AB29AB742200A14740 /* ChatViewModel.swift in Sources */ = {isa = PBXBuildFile; fileRef = 34DA65AA29AB742200A14740 /* ChatViewModel.swift */; };
		34DA65AE29AB745500A14740 /* ServiceManager.swift in Sources */ = {isa = PBXBuildFile; fileRef = 34DA65AD29AB745500A14740 /* ServiceManager.swift */; };
		34DA65B029AB755800A14740 /* ChatService.swift in Sources */ = {isa = PBXBuildFile; fileRef = 34DA65AF29AB755800A14740 /* ChatService.swift */; };
		34DA65BA29AB847000A14740 /* UIFont+Extension.swift in Sources */ = {isa = PBXBuildFile; fileRef = 34DA65B329AB847000A14740 /* UIFont+Extension.swift */; };
		34DA65BB29AB847000A14740 /* UIColor+Extension.swift in Sources */ = {isa = PBXBuildFile; fileRef = 34DA65B429AB847000A14740 /* UIColor+Extension.swift */; };
		34DA65BC29AB847000A14740 /* UIButton+Extension.swift in Sources */ = {isa = PBXBuildFile; fileRef = 34DA65B529AB847000A14740 /* UIButton+Extension.swift */; };
		34DA65BD29AB847000A14740 /* UIViewController+Extension.swift in Sources */ = {isa = PBXBuildFile; fileRef = 34DA65B629AB847000A14740 /* UIViewController+Extension.swift */; };
		34DA65BE29AB847000A14740 /* String+Extension.swift in Sources */ = {isa = PBXBuildFile; fileRef = 34DA65B729AB847000A14740 /* String+Extension.swift */; };
		34DA65BF29AB847000A14740 /* send.wav in Resources */ = {isa = PBXBuildFile; fileRef = 34DA65B929AB847000A14740 /* send.wav */; };
		34DA65C229ABA76800A14740 /* OutgoingTextMessageTableViewCell.swift in Sources */ = {isa = PBXBuildFile; fileRef = 34DA65C129ABA76800A14740 /* OutgoingTextMessageTableViewCell.swift */; };
		34DA65C429ABF2AE00A14740 /* IncomingTextMessageTableViewCell.swift in Sources */ = {isa = PBXBuildFile; fileRef = 34DA65C329ABF2AE00A14740 /* IncomingTextMessageTableViewCell.swift */; };
		34DA65C729ABF94A00A14740 /* Message.swift in Sources */ = {isa = PBXBuildFile; fileRef = 34DA65C629ABF94A00A14740 /* Message.swift */; };
		3D3576FD3955168C6C674A27 /* Pods_CHATGPT.framework in Frameworks */ = {isa = PBXBuildFile; fileRef = CA2D088368410D67179D9C0D /* Pods_CHATGPT.framework */; };
		3FC42EE22A0196E1000F49B4 /* LoadingView.swift in Sources */ = {isa = PBXBuildFile; fileRef = 3FC42EE12A0196E1000F49B4 /* LoadingView.swift */; };
/* End PBXBuildFile section */

/* Begin PBXFileReference section */
		0380C6302A041F47008E3F25 /* MenuViewModel.swift */ = {isa = PBXFileReference; fileEncoding = 4; lastKnownFileType = sourcecode.swift; path = MenuViewModel.swift; sourceTree = "<group>"; };
		0380C6332A041F47008E3F25 /* SettingsListTableViewCellScreen.swift */ = {isa = PBXFileReference; fileEncoding = 4; lastKnownFileType = sourcecode.swift; path = SettingsListTableViewCellScreen.swift; sourceTree = "<group>"; };
		0380C6342A041F47008E3F25 /* SettingsListTableViewCell.swift */ = {isa = PBXFileReference; fileEncoding = 4; lastKnownFileType = sourcecode.swift; path = SettingsListTableViewCell.swift; sourceTree = "<group>"; };
		0380C6362A041F47008E3F25 /* MenuScreen.swift */ = {isa = PBXFileReference; fileEncoding = 4; lastKnownFileType = sourcecode.swift; path = MenuScreen.swift; sourceTree = "<group>"; };
		0380C6382A041F47008E3F25 /* MenuVC.swift */ = {isa = PBXFileReference; fileEncoding = 4; lastKnownFileType = sourcecode.swift; path = MenuVC.swift; sourceTree = "<group>"; };
		0380C63E2A041F62008E3F25 /* Menu.swift */ = {isa = PBXFileReference; fileEncoding = 4; lastKnownFileType = sourcecode.swift; path = Menu.swift; sourceTree = "<group>"; };
		0380C6802A290D73008E3F25 /* ProfileScreen.swift */ = {isa = PBXFileReference; lastKnownFileType = sourcecode.swift; path = ProfileScreen.swift; sourceTree = "<group>"; };
		0380C6822A290DB4008E3F25 /* ProfileVC.swift */ = {isa = PBXFileReference; lastKnownFileType = sourcecode.swift; path = ProfileVC.swift; sourceTree = "<group>"; };
		0380C6842A290DD4008E3F25 /* ProfileViewModel.swift */ = {isa = PBXFileReference; lastKnownFileType = sourcecode.swift; path = ProfileViewModel.swift; sourceTree = "<group>"; };
		0380C6862A291FA8008E3F25 /* ProfileService.swift */ = {isa = PBXFileReference; lastKnownFileType = sourcecode.swift; path = ProfileService.swift; sourceTree = "<group>"; };
		0380C6882A2920CF008E3F25 /* GenericService.swift */ = {isa = PBXFileReference; lastKnownFileType = sourcecode.swift; path = GenericService.swift; sourceTree = "<group>"; };
		0380C68A2A2921A7008E3F25 /* ProfileUser.swift */ = {isa = PBXFileReference; lastKnownFileType = sourcecode.swift; path = ProfileUser.swift; sourceTree = "<group>"; };
		0380C68C2A2922EC008E3F25 /* userProfile.json */ = {isa = PBXFileReference; lastKnownFileType = text.json; path = userProfile.json; sourceTree = "<group>"; };
		13B72304FA9AEE0FDE653E1D /* Pods-CHATGPT.debug.xcconfig */ = {isa = PBXFileReference; includeInIndex = 1; lastKnownFileType = text.xcconfig; name = "Pods-CHATGPT.debug.xcconfig"; path = "Target Support Files/Pods-CHATGPT/Pods-CHATGPT.debug.xcconfig"; sourceTree = "<group>"; };
		34B996E72A03339600DCBE69 /* ImageTableViewCell.swift */ = {isa = PBXFileReference; lastKnownFileType = sourcecode.swift; path = ImageTableViewCell.swift; sourceTree = "<group>"; };
		34B996E92A0334E300DCBE69 /* UIImageView+Extension.swift */ = {isa = PBXFileReference; fileEncoding = 4; lastKnownFileType = sourcecode.swift; path = "UIImageView+Extension.swift"; sourceTree = "<group>"; };
		34B996EA2A0334E300DCBE69 /* ImageCache.swift */ = {isa = PBXFileReference; fileEncoding = 4; lastKnownFileType = sourcecode.swift; path = ImageCache.swift; sourceTree = "<group>"; };
		34DA655329A7DA8900A14740 /* CHATGPT.app */ = {isa = PBXFileReference; explicitFileType = wrapper.application; includeInIndex = 0; path = CHATGPT.app; sourceTree = BUILT_PRODUCTS_DIR; };
		34DA655629A7DA8900A14740 /* AppDelegate.swift */ = {isa = PBXFileReference; lastKnownFileType = sourcecode.swift; path = AppDelegate.swift; sourceTree = "<group>"; };
		34DA655829A7DA8900A14740 /* SceneDelegate.swift */ = {isa = PBXFileReference; lastKnownFileType = sourcecode.swift; path = SceneDelegate.swift; sourceTree = "<group>"; };
		34DA655A29A7DA8900A14740 /* ChatVC.swift */ = {isa = PBXFileReference; lastKnownFileType = sourcecode.swift; path = ChatVC.swift; sourceTree = "<group>"; };
		34DA655F29A7DA8C00A14740 /* Assets.xcassets */ = {isa = PBXFileReference; lastKnownFileType = folder.assetcatalog; path = Assets.xcassets; sourceTree = "<group>"; };
		34DA656229A7DA8C00A14740 /* Base */ = {isa = PBXFileReference; lastKnownFileType = file.storyboard; name = Base; path = Base.lproj/LaunchScreen.storyboard; sourceTree = "<group>"; };
		34DA656429A7DA8C00A14740 /* Info.plist */ = {isa = PBXFileReference; lastKnownFileType = text.plist.xml; path = Info.plist; sourceTree = "<group>"; };
		34DA658029A8D20A00A14740 /* API.swift */ = {isa = PBXFileReference; lastKnownFileType = sourcecode.swift; path = API.swift; sourceTree = "<group>"; };
		34DA65A729AB740600A14740 /* ChatScreen.swift */ = {isa = PBXFileReference; lastKnownFileType = sourcecode.swift; path = ChatScreen.swift; sourceTree = "<group>"; };
		34DA65AA29AB742200A14740 /* ChatViewModel.swift */ = {isa = PBXFileReference; lastKnownFileType = sourcecode.swift; path = ChatViewModel.swift; sourceTree = "<group>"; };
		34DA65AD29AB745500A14740 /* ServiceManager.swift */ = {isa = PBXFileReference; lastKnownFileType = sourcecode.swift; path = ServiceManager.swift; sourceTree = "<group>"; };
		34DA65AF29AB755800A14740 /* ChatService.swift */ = {isa = PBXFileReference; lastKnownFileType = sourcecode.swift; path = ChatService.swift; sourceTree = "<group>"; };
		34DA65B329AB847000A14740 /* UIFont+Extension.swift */ = {isa = PBXFileReference; fileEncoding = 4; lastKnownFileType = sourcecode.swift; path = "UIFont+Extension.swift"; sourceTree = "<group>"; };
		34DA65B429AB847000A14740 /* UIColor+Extension.swift */ = {isa = PBXFileReference; fileEncoding = 4; lastKnownFileType = sourcecode.swift; path = "UIColor+Extension.swift"; sourceTree = "<group>"; };
		34DA65B529AB847000A14740 /* UIButton+Extension.swift */ = {isa = PBXFileReference; fileEncoding = 4; lastKnownFileType = sourcecode.swift; path = "UIButton+Extension.swift"; sourceTree = "<group>"; };
		34DA65B629AB847000A14740 /* UIViewController+Extension.swift */ = {isa = PBXFileReference; fileEncoding = 4; lastKnownFileType = sourcecode.swift; path = "UIViewController+Extension.swift"; sourceTree = "<group>"; };
		34DA65B729AB847000A14740 /* String+Extension.swift */ = {isa = PBXFileReference; fileEncoding = 4; lastKnownFileType = sourcecode.swift; path = "String+Extension.swift"; sourceTree = "<group>"; };
		34DA65B929AB847000A14740 /* send.wav */ = {isa = PBXFileReference; lastKnownFileType = audio.wav; path = send.wav; sourceTree = "<group>"; };
		34DA65C129ABA76800A14740 /* OutgoingTextMessageTableViewCell.swift */ = {isa = PBXFileReference; lastKnownFileType = sourcecode.swift; path = OutgoingTextMessageTableViewCell.swift; sourceTree = "<group>"; };
		34DA65C329ABF2AE00A14740 /* IncomingTextMessageTableViewCell.swift */ = {isa = PBXFileReference; lastKnownFileType = sourcecode.swift; path = IncomingTextMessageTableViewCell.swift; sourceTree = "<group>"; };
		34DA65C629ABF94A00A14740 /* Message.swift */ = {isa = PBXFileReference; lastKnownFileType = sourcecode.swift; path = Message.swift; sourceTree = "<group>"; };
		3FC42EE12A0196E1000F49B4 /* LoadingView.swift */ = {isa = PBXFileReference; lastKnownFileType = sourcecode.swift; path = LoadingView.swift; sourceTree = "<group>"; };
		69EC05F282C9FB7F06D494B7 /* Pods-CHATGPT.release.xcconfig */ = {isa = PBXFileReference; includeInIndex = 1; lastKnownFileType = text.xcconfig; name = "Pods-CHATGPT.release.xcconfig"; path = "Target Support Files/Pods-CHATGPT/Pods-CHATGPT.release.xcconfig"; sourceTree = "<group>"; };
		CA2D088368410D67179D9C0D /* Pods_CHATGPT.framework */ = {isa = PBXFileReference; explicitFileType = wrapper.framework; includeInIndex = 0; path = Pods_CHATGPT.framework; sourceTree = BUILT_PRODUCTS_DIR; };
/* End PBXFileReference section */

/* Begin PBXFrameworksBuildPhase section */
		34DA655029A7DA8900A14740 /* Frameworks */ = {
			isa = PBXFrameworksBuildPhase;
			buildActionMask = 2147483647;
			files = (
				34DA657F29A8CEE100A14740 /* OpenAISwift in Frameworks */,
				3D3576FD3955168C6C674A27 /* Pods_CHATGPT.framework in Frameworks */,
			);
			runOnlyForDeploymentPostprocessing = 0;
		};
/* End PBXFrameworksBuildPhase section */

/* Begin PBXGroup section */
		0380C62E2A041F47008E3F25 /* MenuVC */ = {
			isa = PBXGroup;
			children = (
				0380C6312A041F47008E3F25 /* Cells */,
				0380C62F2A041F47008E3F25 /* ViewModel */,
				0380C6372A041F47008E3F25 /* ViewController */,
				0380C6352A041F47008E3F25 /* Screen */,
			);
			path = MenuVC;
			sourceTree = "<group>";
		};
		0380C62F2A041F47008E3F25 /* ViewModel */ = {
			isa = PBXGroup;
			children = (
				0380C6302A041F47008E3F25 /* MenuViewModel.swift */,
			);
			path = ViewModel;
			sourceTree = "<group>";
		};
		0380C6312A041F47008E3F25 /* Cells */ = {
			isa = PBXGroup;
			children = (
				0380C6322A041F47008E3F25 /* Screen */,
				0380C6342A041F47008E3F25 /* SettingsListTableViewCell.swift */,
			);
			path = Cells;
			sourceTree = "<group>";
		};
		0380C6322A041F47008E3F25 /* Screen */ = {
			isa = PBXGroup;
			children = (
				0380C6332A041F47008E3F25 /* SettingsListTableViewCellScreen.swift */,
			);
			path = Screen;
			sourceTree = "<group>";
		};
		0380C6352A041F47008E3F25 /* Screen */ = {
			isa = PBXGroup;
			children = (
				0380C6362A041F47008E3F25 /* MenuScreen.swift */,
			);
			path = Screen;
			sourceTree = "<group>";
		};
		0380C6372A041F47008E3F25 /* ViewController */ = {
			isa = PBXGroup;
			children = (
				0380C6382A041F47008E3F25 /* MenuVC.swift */,
			);
			path = ViewController;
			sourceTree = "<group>";
		};
		0380C67C2A290D17008E3F25 /* Profile */ = {
			isa = PBXGroup;
			children = (
				0380C67F2A290D4C008E3F25 /* ViewModel */,
				0380C67E2A290D41008E3F25 /* ViewController */,
				0380C67D2A290D37008E3F25 /* Screen */,
			);
			path = Profile;
			sourceTree = "<group>";
		};
		0380C67D2A290D37008E3F25 /* Screen */ = {
			isa = PBXGroup;
			children = (
				0380C6802A290D73008E3F25 /* ProfileScreen.swift */,
			);
			path = Screen;
			sourceTree = "<group>";
		};
		0380C67E2A290D41008E3F25 /* ViewController */ = {
			isa = PBXGroup;
			children = (
				0380C6822A290DB4008E3F25 /* ProfileVC.swift */,
			);
			path = ViewController;
			sourceTree = "<group>";
		};
		0380C67F2A290D4C008E3F25 /* ViewModel */ = {
			isa = PBXGroup;
			children = (
				0380C6842A290DD4008E3F25 /* ProfileViewModel.swift */,
			);
			path = ViewModel;
			sourceTree = "<group>";
		};
		1BFCAEE82DC61922FCF2F6C0 /* Frameworks */ = {
			isa = PBXGroup;
			children = (
				CA2D088368410D67179D9C0D /* Pods_CHATGPT.framework */,
			);
			name = Frameworks;
			sourceTree = "<group>";
		};
		34B996E62A03336400DCBE69 /* ImageTableViewCell */ = {
			isa = PBXGroup;
			children = (
				34B996E72A03339600DCBE69 /* ImageTableViewCell.swift */,
			);
			path = ImageTableViewCell;
			sourceTree = "<group>";
		};
		34DA654A29A7DA8900A14740 = {
			isa = PBXGroup;
			children = (
				34DA655529A7DA8900A14740 /* CHATGPT */,
				34DA655429A7DA8900A14740 /* Products */,
				8AB59DA972438AFA516C8065 /* Pods */,
				1BFCAEE82DC61922FCF2F6C0 /* Frameworks */,
			);
			sourceTree = "<group>";
		};
		34DA655429A7DA8900A14740 /* Products */ = {
			isa = PBXGroup;
			children = (
				34DA655329A7DA8900A14740 /* CHATGPT.app */,
			);
			name = Products;
			sourceTree = "<group>";
		};
		34DA655529A7DA8900A14740 /* CHATGPT */ = {
			isa = PBXGroup;
			children = (
				34DA65C529ABF92200A14740 /* Model */,
				34DA65B129AB847000A14740 /* Utils */,
				34DA65AC29AB743C00A14740 /* Service */,
				34DA65A529AB73C200A14740 /* ChatVC */,
				0380C67C2A290D17008E3F25 /* Profile */,
				0380C62E2A041F47008E3F25 /* MenuVC */,
				3FC42EE02A01969F000F49B4 /* Load */,
				34DA655629A7DA8900A14740 /* AppDelegate.swift */,
				34DA655829A7DA8900A14740 /* SceneDelegate.swift */,
				34DA655F29A7DA8C00A14740 /* Assets.xcassets */,
				34DA656129A7DA8C00A14740 /* LaunchScreen.storyboard */,
				34DA656429A7DA8C00A14740 /* Info.plist */,
				0380C68C2A2922EC008E3F25 /* userProfile.json */,
			);
			path = CHATGPT;
			sourceTree = "<group>";
		};
		34DA65A529AB73C200A14740 /* ChatVC */ = {
			isa = PBXGroup;
			children = (
				34DA65C029ABA73D00A14740 /* Cell */,
				34DA65A929AB740F00A14740 /* ViewModel */,
				34DA65A629AB73EF00A14740 /* Screen */,
				3FC42EE32A01A50F000F49B4 /* ViewController */,
			);
			path = ChatVC;
			sourceTree = "<group>";
		};
		34DA65A629AB73EF00A14740 /* Screen */ = {
			isa = PBXGroup;
			children = (
				34DA65A729AB740600A14740 /* ChatScreen.swift */,
			);
			path = Screen;
			sourceTree = "<group>";
		};
		34DA65A929AB740F00A14740 /* ViewModel */ = {
			isa = PBXGroup;
			children = (
				34DA65AA29AB742200A14740 /* ChatViewModel.swift */,
			);
			path = ViewModel;
			sourceTree = "<group>";
		};
		34DA65AC29AB743C00A14740 /* Service */ = {
			isa = PBXGroup;
			children = (
				34DA658029A8D20A00A14740 /* API.swift */,
				34DA65AD29AB745500A14740 /* ServiceManager.swift */,
				34DA65AF29AB755800A14740 /* ChatService.swift */,
				0380C6862A291FA8008E3F25 /* ProfileService.swift */,
				0380C6882A2920CF008E3F25 /* GenericService.swift */,
			);
			path = Service;
			sourceTree = "<group>";
		};
		34DA65B129AB847000A14740 /* Utils */ = {
			isa = PBXGroup;
			children = (
				34DA65B229AB847000A14740 /* Extension */,
				34DA65B829AB847000A14740 /* Sound */,
			);
			path = Utils;
			sourceTree = "<group>";
		};
		34DA65B229AB847000A14740 /* Extension */ = {
			isa = PBXGroup;
			children = (
				34B996EA2A0334E300DCBE69 /* ImageCache.swift */,
				34B996E92A0334E300DCBE69 /* UIImageView+Extension.swift */,
				34DA65B329AB847000A14740 /* UIFont+Extension.swift */,
				34DA65B429AB847000A14740 /* UIColor+Extension.swift */,
				34DA65B529AB847000A14740 /* UIButton+Extension.swift */,
				34DA65B629AB847000A14740 /* UIViewController+Extension.swift */,
				34DA65B729AB847000A14740 /* String+Extension.swift */,
			);
			path = Extension;
			sourceTree = "<group>";
		};
		34DA65B829AB847000A14740 /* Sound */ = {
			isa = PBXGroup;
			children = (
				34DA65B929AB847000A14740 /* send.wav */,
			);
			path = Sound;
			sourceTree = "<group>";
		};
		34DA65C029ABA73D00A14740 /* Cell */ = {
			isa = PBXGroup;
			children = (
				34B996E62A03336400DCBE69 /* ImageTableViewCell */,
				34DA65C129ABA76800A14740 /* OutgoingTextMessageTableViewCell.swift */,
				34DA65C329ABF2AE00A14740 /* IncomingTextMessageTableViewCell.swift */,
			);
			path = Cell;
			sourceTree = "<group>";
		};
		34DA65C529ABF92200A14740 /* Model */ = {
			isa = PBXGroup;
			children = (
				0380C63E2A041F62008E3F25 /* Menu.swift */,
				34DA65C629ABF94A00A14740 /* Message.swift */,
				0380C68A2A2921A7008E3F25 /* ProfileUser.swift */,
			);
			path = Model;
			sourceTree = "<group>";
		};
		3FC42EE02A01969F000F49B4 /* Load */ = {
			isa = PBXGroup;
			children = (
				3FC42EE12A0196E1000F49B4 /* LoadingView.swift */,
			);
			path = Load;
			sourceTree = "<group>";
		};
		3FC42EE32A01A50F000F49B4 /* ViewController */ = {
			isa = PBXGroup;
			children = (
				34DA655A29A7DA8900A14740 /* ChatVC.swift */,
			);
			path = ViewController;
			sourceTree = "<group>";
		};
		8AB59DA972438AFA516C8065 /* Pods */ = {
			isa = PBXGroup;
			children = (
				13B72304FA9AEE0FDE653E1D /* Pods-CHATGPT.debug.xcconfig */,
				69EC05F282C9FB7F06D494B7 /* Pods-CHATGPT.release.xcconfig */,
			);
			path = Pods;
			sourceTree = "<group>";
		};
/* End PBXGroup section */

/* Begin PBXNativeTarget section */
		34DA655229A7DA8900A14740 /* CHATGPT */ = {
			isa = PBXNativeTarget;
			buildConfigurationList = 34DA656729A7DA8C00A14740 /* Build configuration list for PBXNativeTarget "CHATGPT" */;
			buildPhases = (
				2F2DB59844C13E87D3C5EB14 /* [CP] Check Pods Manifest.lock */,
				34DA654F29A7DA8900A14740 /* Sources */,
				34DA655029A7DA8900A14740 /* Frameworks */,
				34DA655129A7DA8900A14740 /* Resources */,
				216193FE2AFD7C10E6C2DC8F /* [CP] Embed Pods Frameworks */,
			);
			buildRules = (
			);
			dependencies = (
			);
			name = CHATGPT;
			packageProductDependencies = (
				34DA657E29A8CEE100A14740 /* OpenAISwift */,
			);
			productName = CHATGPT;
			productReference = 34DA655329A7DA8900A14740 /* CHATGPT.app */;
			productType = "com.apple.product-type.application";
		};
/* End PBXNativeTarget section */

/* Begin PBXProject section */
		34DA654B29A7DA8900A14740 /* Project object */ = {
			isa = PBXProject;
			attributes = {
				BuildIndependentTargetsInParallel = 1;
				LastSwiftUpdateCheck = 1420;
				LastUpgradeCheck = 1420;
				TargetAttributes = {
					34DA655229A7DA8900A14740 = {
						CreatedOnToolsVersion = 14.2;
					};
				};
			};
			buildConfigurationList = 34DA654E29A7DA8900A14740 /* Build configuration list for PBXProject "CHATGPT" */;
			compatibilityVersion = "Xcode 14.0";
			developmentRegion = en;
			hasScannedForEncodings = 0;
			knownRegions = (
				en,
				Base,
			);
			mainGroup = 34DA654A29A7DA8900A14740;
			packageReferences = (
				34DA657D29A8CEE100A14740 /* XCRemoteSwiftPackageReference "OpenAISwift" */,
			);
			productRefGroup = 34DA655429A7DA8900A14740 /* Products */;
			projectDirPath = "";
			projectRoot = "";
			targets = (
				34DA655229A7DA8900A14740 /* CHATGPT */,
			);
		};
/* End PBXProject section */

/* Begin PBXResourcesBuildPhase section */
		34DA655129A7DA8900A14740 /* Resources */ = {
			isa = PBXResourcesBuildPhase;
			buildActionMask = 2147483647;
			files = (
				0380C68D2A2922EC008E3F25 /* userProfile.json in Resources */,
				34DA65BF29AB847000A14740 /* send.wav in Resources */,
				34DA656329A7DA8C00A14740 /* LaunchScreen.storyboard in Resources */,
				34DA656029A7DA8C00A14740 /* Assets.xcassets in Resources */,
			);
			runOnlyForDeploymentPostprocessing = 0;
		};
/* End PBXResourcesBuildPhase section */

/* Begin PBXShellScriptBuildPhase section */
		216193FE2AFD7C10E6C2DC8F /* [CP] Embed Pods Frameworks */ = {
			isa = PBXShellScriptBuildPhase;
			buildActionMask = 2147483647;
			files = (
			);
			inputFileListPaths = (
				"${PODS_ROOT}/Target Support Files/Pods-CHATGPT/Pods-CHATGPT-frameworks-${CONFIGURATION}-input-files.xcfilelist",
			);
			name = "[CP] Embed Pods Frameworks";
			outputFileListPaths = (
				"${PODS_ROOT}/Target Support Files/Pods-CHATGPT/Pods-CHATGPT-frameworks-${CONFIGURATION}-output-files.xcfilelist",
			);
			runOnlyForDeploymentPostprocessing = 0;
			shellPath = /bin/sh;
			shellScript = "\"${PODS_ROOT}/Target Support Files/Pods-CHATGPT/Pods-CHATGPT-frameworks.sh\"\n";
			showEnvVarsInLog = 0;
		};
		2F2DB59844C13E87D3C5EB14 /* [CP] Check Pods Manifest.lock */ = {
			isa = PBXShellScriptBuildPhase;
			buildActionMask = 2147483647;
			files = (
			);
			inputFileListPaths = (
			);
			inputPaths = (
				"${PODS_PODFILE_DIR_PATH}/Podfile.lock",
				"${PODS_ROOT}/Manifest.lock",
			);
			name = "[CP] Check Pods Manifest.lock";
			outputFileListPaths = (
			);
			outputPaths = (
				"$(DERIVED_FILE_DIR)/Pods-CHATGPT-checkManifestLockResult.txt",
			);
			runOnlyForDeploymentPostprocessing = 0;
			shellPath = /bin/sh;
			shellScript = "diff \"${PODS_PODFILE_DIR_PATH}/Podfile.lock\" \"${PODS_ROOT}/Manifest.lock\" > /dev/null\nif [ $? != 0 ] ; then\n    # print error to STDERR\n    echo \"error: The sandbox is not in sync with the Podfile.lock. Run 'pod install' or update your CocoaPods installation.\" >&2\n    exit 1\nfi\n# This output is used by Xcode 'outputs' to avoid re-running this script phase.\necho \"SUCCESS\" > \"${SCRIPT_OUTPUT_FILE_0}\"\n";
			showEnvVarsInLog = 0;
		};
/* End PBXShellScriptBuildPhase section */

/* Begin PBXSourcesBuildPhase section */
		34DA654F29A7DA8900A14740 /* Sources */ = {
			isa = PBXSourcesBuildPhase;
			buildActionMask = 2147483647;
			files = (
				0380C63C2A041F47008E3F25 /* MenuScreen.swift in Sources */,
				34DA65BD29AB847000A14740 /* UIViewController+Extension.swift in Sources */,
				0380C6852A290DD4008E3F25 /* ProfileViewModel.swift in Sources */,
				0380C63B2A041F47008E3F25 /* SettingsListTableViewCell.swift in Sources */,
				34DA655B29A7DA8900A14740 /* ChatVC.swift in Sources */,
				34DA65A829AB740600A14740 /* ChatScreen.swift in Sources */,
				34B996E82A03339600DCBE69 /* ImageTableViewCell.swift in Sources */,
				34DA655729A7DA8900A14740 /* AppDelegate.swift in Sources */,
				3FC42EE22A0196E1000F49B4 /* LoadingView.swift in Sources */,
				34DA65C229ABA76800A14740 /* OutgoingTextMessageTableViewCell.swift in Sources */,
				34DA65BC29AB847000A14740 /* UIButton+Extension.swift in Sources */,
				34DA658129A8D20A00A14740 /* API.swift in Sources */,
				34DA65BE29AB847000A14740 /* String+Extension.swift in Sources */,
				34B996EC2A0334E300DCBE69 /* ImageCache.swift in Sources */,
				34DA65AB29AB742200A14740 /* ChatViewModel.swift in Sources */,
				34DA65B029AB755800A14740 /* ChatService.swift in Sources */,
				34DA65BA29AB847000A14740 /* UIFont+Extension.swift in Sources */,
				0380C6832A290DB4008E3F25 /* ProfileVC.swift in Sources */,
				0380C63A2A041F47008E3F25 /* SettingsListTableViewCellScreen.swift in Sources */,
				34DA65C429ABF2AE00A14740 /* IncomingTextMessageTableViewCell.swift in Sources */,
				0380C6892A2920CF008E3F25 /* GenericService.swift in Sources */,
				0380C6392A041F47008E3F25 /* MenuViewModel.swift in Sources */,
				0380C63D2A041F47008E3F25 /* MenuVC.swift in Sources */,
				34DA65AE29AB745500A14740 /* ServiceManager.swift in Sources */,
				34DA65C729ABF94A00A14740 /* Message.swift in Sources */,
				0380C6812A290D73008E3F25 /* ProfileScreen.swift in Sources */,
				0380C63F2A041F62008E3F25 /* Menu.swift in Sources */,
				34B996EB2A0334E300DCBE69 /* UIImageView+Extension.swift in Sources */,
				0380C68B2A2921A7008E3F25 /* ProfileUser.swift in Sources */,
				34DA655929A7DA8900A14740 /* SceneDelegate.swift in Sources */,
				34DA65BB29AB847000A14740 /* UIColor+Extension.swift in Sources */,
				0380C6872A291FA8008E3F25 /* ProfileService.swift in Sources */,
			);
			runOnlyForDeploymentPostprocessing = 0;
		};
/* End PBXSourcesBuildPhase section */

/* Begin PBXVariantGroup section */
		34DA656129A7DA8C00A14740 /* LaunchScreen.storyboard */ = {
			isa = PBXVariantGroup;
			children = (
				34DA656229A7DA8C00A14740 /* Base */,
			);
			name = LaunchScreen.storyboard;
			sourceTree = "<group>";
		};
/* End PBXVariantGroup section */

/* Begin XCBuildConfiguration section */
		34DA656529A7DA8C00A14740 /* Debug */ = {
			isa = XCBuildConfiguration;
			buildSettings = {
				ALWAYS_SEARCH_USER_PATHS = NO;
				CLANG_ANALYZER_NONNULL = YES;
				CLANG_ANALYZER_NUMBER_OBJECT_CONVERSION = YES_AGGRESSIVE;
				CLANG_CXX_LANGUAGE_STANDARD = "gnu++20";
				CLANG_ENABLE_MODULES = YES;
				CLANG_ENABLE_OBJC_ARC = YES;
				CLANG_ENABLE_OBJC_WEAK = YES;
				CLANG_WARN_BLOCK_CAPTURE_AUTORELEASING = YES;
				CLANG_WARN_BOOL_CONVERSION = YES;
				CLANG_WARN_COMMA = YES;
				CLANG_WARN_CONSTANT_CONVERSION = YES;
				CLANG_WARN_DEPRECATED_OBJC_IMPLEMENTATIONS = YES;
				CLANG_WARN_DIRECT_OBJC_ISA_USAGE = YES_ERROR;
				CLANG_WARN_DOCUMENTATION_COMMENTS = YES;
				CLANG_WARN_EMPTY_BODY = YES;
				CLANG_WARN_ENUM_CONVERSION = YES;
				CLANG_WARN_INFINITE_RECURSION = YES;
				CLANG_WARN_INT_CONVERSION = YES;
				CLANG_WARN_NON_LITERAL_NULL_CONVERSION = YES;
				CLANG_WARN_OBJC_IMPLICIT_RETAIN_SELF = YES;
				CLANG_WARN_OBJC_LITERAL_CONVERSION = YES;
				CLANG_WARN_OBJC_ROOT_CLASS = YES_ERROR;
				CLANG_WARN_QUOTED_INCLUDE_IN_FRAMEWORK_HEADER = YES;
				CLANG_WARN_RANGE_LOOP_ANALYSIS = YES;
				CLANG_WARN_STRICT_PROTOTYPES = YES;
				CLANG_WARN_SUSPICIOUS_MOVE = YES;
				CLANG_WARN_UNGUARDED_AVAILABILITY = YES_AGGRESSIVE;
				CLANG_WARN_UNREACHABLE_CODE = YES;
				CLANG_WARN__DUPLICATE_METHOD_MATCH = YES;
				COPY_PHASE_STRIP = NO;
				DEBUG_INFORMATION_FORMAT = dwarf;
				ENABLE_STRICT_OBJC_MSGSEND = YES;
				ENABLE_TESTABILITY = YES;
				GCC_C_LANGUAGE_STANDARD = gnu11;
				GCC_DYNAMIC_NO_PIC = NO;
				GCC_NO_COMMON_BLOCKS = YES;
				GCC_OPTIMIZATION_LEVEL = 0;
				GCC_PREPROCESSOR_DEFINITIONS = (
					"DEBUG=1",
					"$(inherited)",
				);
				GCC_WARN_64_TO_32_BIT_CONVERSION = YES;
				GCC_WARN_ABOUT_RETURN_TYPE = YES_ERROR;
				GCC_WARN_UNDECLARED_SELECTOR = YES;
				GCC_WARN_UNINITIALIZED_AUTOS = YES_AGGRESSIVE;
				GCC_WARN_UNUSED_FUNCTION = YES;
				GCC_WARN_UNUSED_VARIABLE = YES;
				IPHONEOS_DEPLOYMENT_TARGET = 16.2;
				MTL_ENABLE_DEBUG_INFO = INCLUDE_SOURCE;
				MTL_FAST_MATH = YES;
				ONLY_ACTIVE_ARCH = YES;
				SDKROOT = iphoneos;
				SWIFT_ACTIVE_COMPILATION_CONDITIONS = DEBUG;
				SWIFT_OPTIMIZATION_LEVEL = "-Onone";
			};
			name = Debug;
		};
		34DA656629A7DA8C00A14740 /* Release */ = {
			isa = XCBuildConfiguration;
			buildSettings = {
				ALWAYS_SEARCH_USER_PATHS = NO;
				CLANG_ANALYZER_NONNULL = YES;
				CLANG_ANALYZER_NUMBER_OBJECT_CONVERSION = YES_AGGRESSIVE;
				CLANG_CXX_LANGUAGE_STANDARD = "gnu++20";
				CLANG_ENABLE_MODULES = YES;
				CLANG_ENABLE_OBJC_ARC = YES;
				CLANG_ENABLE_OBJC_WEAK = YES;
				CLANG_WARN_BLOCK_CAPTURE_AUTORELEASING = YES;
				CLANG_WARN_BOOL_CONVERSION = YES;
				CLANG_WARN_COMMA = YES;
				CLANG_WARN_CONSTANT_CONVERSION = YES;
				CLANG_WARN_DEPRECATED_OBJC_IMPLEMENTATIONS = YES;
				CLANG_WARN_DIRECT_OBJC_ISA_USAGE = YES_ERROR;
				CLANG_WARN_DOCUMENTATION_COMMENTS = YES;
				CLANG_WARN_EMPTY_BODY = YES;
				CLANG_WARN_ENUM_CONVERSION = YES;
				CLANG_WARN_INFINITE_RECURSION = YES;
				CLANG_WARN_INT_CONVERSION = YES;
				CLANG_WARN_NON_LITERAL_NULL_CONVERSION = YES;
				CLANG_WARN_OBJC_IMPLICIT_RETAIN_SELF = YES;
				CLANG_WARN_OBJC_LITERAL_CONVERSION = YES;
				CLANG_WARN_OBJC_ROOT_CLASS = YES_ERROR;
				CLANG_WARN_QUOTED_INCLUDE_IN_FRAMEWORK_HEADER = YES;
				CLANG_WARN_RANGE_LOOP_ANALYSIS = YES;
				CLANG_WARN_STRICT_PROTOTYPES = YES;
				CLANG_WARN_SUSPICIOUS_MOVE = YES;
				CLANG_WARN_UNGUARDED_AVAILABILITY = YES_AGGRESSIVE;
				CLANG_WARN_UNREACHABLE_CODE = YES;
				CLANG_WARN__DUPLICATE_METHOD_MATCH = YES;
				COPY_PHASE_STRIP = NO;
				DEBUG_INFORMATION_FORMAT = "dwarf-with-dsym";
				ENABLE_NS_ASSERTIONS = NO;
				ENABLE_STRICT_OBJC_MSGSEND = YES;
				GCC_C_LANGUAGE_STANDARD = gnu11;
				GCC_NO_COMMON_BLOCKS = YES;
				GCC_WARN_64_TO_32_BIT_CONVERSION = YES;
				GCC_WARN_ABOUT_RETURN_TYPE = YES_ERROR;
				GCC_WARN_UNDECLARED_SELECTOR = YES;
				GCC_WARN_UNINITIALIZED_AUTOS = YES_AGGRESSIVE;
				GCC_WARN_UNUSED_FUNCTION = YES;
				GCC_WARN_UNUSED_VARIABLE = YES;
				IPHONEOS_DEPLOYMENT_TARGET = 16.2;
				MTL_ENABLE_DEBUG_INFO = NO;
				MTL_FAST_MATH = YES;
				SDKROOT = iphoneos;
				SWIFT_COMPILATION_MODE = wholemodule;
				SWIFT_OPTIMIZATION_LEVEL = "-O";
				VALIDATE_PRODUCT = YES;
			};
			name = Release;
		};
		34DA656829A7DA8C00A14740 /* Debug */ = {
			isa = XCBuildConfiguration;
			baseConfigurationReference = 13B72304FA9AEE0FDE653E1D /* Pods-CHATGPT.debug.xcconfig */;
			buildSettings = {
				ASSETCATALOG_COMPILER_APPICON_NAME = AppIcon;
				ASSETCATALOG_COMPILER_GLOBAL_ACCENT_COLOR_NAME = AccentColor;
				CODE_SIGN_STYLE = Automatic;
				CURRENT_PROJECT_VERSION = 1;
				GENERATE_INFOPLIST_FILE = YES;
				INFOPLIST_FILE = CHATGPT/Info.plist;
				INFOPLIST_KEY_UIApplicationSupportsIndirectInputEvents = YES;
				INFOPLIST_KEY_UILaunchStoryboardName = LaunchScreen;
				INFOPLIST_KEY_UIMainStoryboardFile = "";
				INFOPLIST_KEY_UISupportedInterfaceOrientations_iPad = "UIInterfaceOrientationPortrait UIInterfaceOrientationPortraitUpsideDown UIInterfaceOrientationLandscapeLeft UIInterfaceOrientationLandscapeRight";
				INFOPLIST_KEY_UISupportedInterfaceOrientations_iPhone = "UIInterfaceOrientationPortrait UIInterfaceOrientationLandscapeLeft UIInterfaceOrientationLandscapeRight";
				LD_RUNPATH_SEARCH_PATHS = (
					"$(inherited)",
					"@executable_path/Frameworks",
				);
				MARKETING_VERSION = 1.0;
				PRODUCT_BUNDLE_IDENTIFIER = backfront.CHATGPT;
				PRODUCT_NAME = "$(TARGET_NAME)";
				SWIFT_EMIT_LOC_STRINGS = YES;
				SWIFT_VERSION = 5.0;
				TARGETED_DEVICE_FAMILY = "1,2";
			};
			name = Debug;
		};
		34DA656929A7DA8C00A14740 /* Release */ = {
			isa = XCBuildConfiguration;
			baseConfigurationReference = 69EC05F282C9FB7F06D494B7 /* Pods-CHATGPT.release.xcconfig */;
			buildSettings = {
				ASSETCATALOG_COMPILER_APPICON_NAME = AppIcon;
				ASSETCATALOG_COMPILER_GLOBAL_ACCENT_COLOR_NAME = AccentColor;
				CODE_SIGN_STYLE = Automatic;
				CURRENT_PROJECT_VERSION = 1;
				GENERATE_INFOPLIST_FILE = YES;
				INFOPLIST_FILE = CHATGPT/Info.plist;
				INFOPLIST_KEY_UIApplicationSupportsIndirectInputEvents = YES;
				INFOPLIST_KEY_UILaunchStoryboardName = LaunchScreen;
				INFOPLIST_KEY_UIMainStoryboardFile = "";
				INFOPLIST_KEY_UISupportedInterfaceOrientations_iPad = "UIInterfaceOrientationPortrait UIInterfaceOrientationPortraitUpsideDown UIInterfaceOrientationLandscapeLeft UIInterfaceOrientationLandscapeRight";
				INFOPLIST_KEY_UISupportedInterfaceOrientations_iPhone = "UIInterfaceOrientationPortrait UIInterfaceOrientationLandscapeLeft UIInterfaceOrientationLandscapeRight";
				LD_RUNPATH_SEARCH_PATHS = (
					"$(inherited)",
					"@executable_path/Frameworks",
				);
				MARKETING_VERSION = 1.0;
				PRODUCT_BUNDLE_IDENTIFIER = backfront.CHATGPT;
				PRODUCT_NAME = "$(TARGET_NAME)";
				SWIFT_EMIT_LOC_STRINGS = YES;
				SWIFT_VERSION = 5.0;
				TARGETED_DEVICE_FAMILY = "1,2";
			};
			name = Release;
		};
/* End XCBuildConfiguration section */

/* Begin XCConfigurationList section */
		34DA654E29A7DA8900A14740 /* Build configuration list for PBXProject "CHATGPT" */ = {
			isa = XCConfigurationList;
			buildConfigurations = (
				34DA656529A7DA8C00A14740 /* Debug */,
				34DA656629A7DA8C00A14740 /* Release */,
			);
			defaultConfigurationIsVisible = 0;
			defaultConfigurationName = Release;
		};
		34DA656729A7DA8C00A14740 /* Build configuration list for PBXNativeTarget "CHATGPT" */ = {
			isa = XCConfigurationList;
			buildConfigurations = (
				34DA656829A7DA8C00A14740 /* Debug */,
				34DA656929A7DA8C00A14740 /* Release */,
			);
			defaultConfigurationIsVisible = 0;
			defaultConfigurationName = Release;
		};
/* End XCConfigurationList section */

/* Begin XCRemoteSwiftPackageReference section */
		34DA657D29A8CEE100A14740 /* XCRemoteSwiftPackageReference "OpenAISwift" */ = {
			isa = XCRemoteSwiftPackageReference;
			repositoryURL = "https://github.com/adamrushy/OpenAISwift.git";
			requirement = {
				branch = main;
				kind = branch;
			};
		};
/* End XCRemoteSwiftPackageReference section */

/* Begin XCSwiftPackageProductDependency section */
		34DA657E29A8CEE100A14740 /* OpenAISwift */ = {
			isa = XCSwiftPackageProductDependency;
			package = 34DA657D29A8CEE100A14740 /* XCRemoteSwiftPackageReference "OpenAISwift" */;
			productName = OpenAISwift;
		};
/* End XCSwiftPackageProductDependency section */
	};
	rootObject = 34DA654B29A7DA8900A14740 /* Project object */;
}
